
Microsoft Visual Studio Solution File, Format Version 12.00
# Visual Studio Version 17
VisualStudioVersion = 17.12.35514.174 d17.12
MinimumVisualStudioVersion = 10.0.40219.1
Project("{FAE04EC0-301F-11D3-BF4B-00C04F79EFBC}") = "ConsoleApp00", "ConsoleApp00\ConsoleApp00.csproj", "{C907C7B9-93D1-40CF-A039-099309DF9049}"
EndProject
Global
	GlobalSection(SolutionConfigurationPlatforms) = preSolution
		Debug|Any CPU = Debug|Any CPU
		Release|Any CPU = Release|Any CPU
	EndGlobalSection
	GlobalSection(ProjectConfigurationPlatforms) = postSolution
		{C907C7B9-93D1-40CF-A039-099309DF9049}.Debug|Any CPU.ActiveCfg = Debug|Any CPU
		{C907C7B9-93D1-40CF-A039-099309DF9049}.Debug|Any CPU.Build.0 = Debug|Any CPU
		{C907C7B9-93D1-40CF-A039-099309DF9049}.Release|Any CPU.ActiveCfg = Release|Any CPU
		{C907C7B9-93D1-40CF-A039-099309DF9049}.Release|Any CPU.Build.0 = Release|Any CPU
	EndGlobalSection
	GlobalSection(SolutionProperties) = preSolution
		HideSolutionNode = FALSE
	EndGlobalSection
EndGlobal
